{
  "R": {
    "Version": "4.4.1",
    "Repositories": [
      {
        "Name": "CRAN",
        "URL": "https://cran.rstudio.com"
      }
    ]
  },
  "Bioconductor": {
    "Version": "3.19"
  },
  "Packages": {
    "BiocManager": {
      "Package": "BiocManager",
      "Version": "1.30.25",
      "Source": "Repository",
      "Repository": "CRAN",
      "Requirements": [
        "utils"
      ],
      "Hash": "3aec5928ca10897d7a0a1205aae64627"
    },
    "BiocVersion": {
      "Package": "BiocVersion",
      "Version": "3.19.1",
      "Source": "Bioconductor",
      "Repository": "Bioconductor 3.19",
      "Requirements": [
        "R"
      ],
      "Hash": "b892e27fc9659a4c8f8787d34c37b8b2"
    },
    "GUniFrac": {
      "Package": "GUniFrac",
      "Version": "1.8",
      "Source": "Repository",
      "Repository": "CRAN",
      "Requirements": [
        "MASS",
        "Matrix",
        "R",
        "Rcpp",
        "ape",
        "dirmult",
        "foreach",
        "ggplot2",
        "ggrepel",
        "inline",
        "matrixStats",
        "methods",
        "modeest",
        "parallel",
        "rmutil",
        "statmod",
        "stats",
        "utils",
        "vegan"
      ],
      "Hash": "78bcc6a841148ccaae74a7d50f192f08"
    },
    "MASS": {
      "Package": "MASS",
      "Version": "7.3-61",
      "Source": "Repository",
      "Repository": "CRAN",
      "Requirements": [
        "R",
        "grDevices",
        "graphics",
        "methods",
        "stats",
        "utils"
      ],
      "Hash": "0cafd6f0500e5deba33be22c46bf6055"
    },
    "Matrix": {
      "Package": "Matrix",
      "Version": "1.7-0",
      "Source": "Repository",
      "Repository": "CRAN",
      "Requirements": [
        "R",
        "grDevices",
        "graphics",
        "grid",
        "lattice",
        "methods",
        "stats",
        "utils"
      ],
      "Hash": "1920b2f11133b12350024297d8a4ff4a"
    },
    "R6": {
      "Package": "R6",
      "Version": "2.5.1",
      "Source": "Repository",
      "Repository": "CRAN",
      "Requirements": [
        "R"
      ],
      "Hash": "470851b6d5d0ac559e9d01bb352b4021"
    },
    "RColorBrewer": {
      "Package": "RColorBrewer",
      "Version": "1.1-3",
      "Source": "Repository",
      "Repository": "CRAN",
      "Requirements": [
        "R"
      ],
      "Hash": "45f0398006e83a5b10b72a90663d8d8c"
    },
    "Rcpp": {
      "Package": "Rcpp",
      "Version": "1.0.13",
      "Source": "Repository",
      "Repository": "CRAN",
      "Requirements": [
        "methods",
        "utils"
      ],
      "Hash": "f27411eb6d9c3dada5edd444b8416675"
    },
    "RcppEigen": {
      "Package": "RcppEigen",
      "Version": "0.3.4.0.2",
      "Source": "Repository",
      "Repository": "CRAN",
      "Requirements": [
        "R",
        "Rcpp",
        "stats",
        "utils"
      ],
      "Hash": "4ac8e423216b8b70cb9653d1b3f71eb9"
    },
    "ape": {
      "Package": "ape",
      "Version": "5.8",
      "Source": "Repository",
      "Repository": "CRAN",
      "Requirements": [
        "R",
        "Rcpp",
        "digest",
        "graphics",
        "lattice",
        "methods",
        "nlme",
        "parallel",
        "stats",
        "utils"
      ],
      "Hash": "16b5ff4dff0ead9ea955f62f794b1535"
    },
    "aplot": {
      "Package": "aplot",
      "Version": "0.2.3",
      "Source": "Repository",
      "Repository": "CRAN",
      "Requirements": [
        "R",
        "ggfun",
        "ggplot2",
        "ggplotify",
        "magrittr",
        "methods",
        "patchwork",
        "utils"
      ],
      "Hash": "d2dcbd0459b23b43cc078e2676bd7b84"
    },
    "askpass": {
      "Package": "askpass",
      "Version": "1.2.0",
      "Source": "Repository",
      "Repository": "CRAN",
      "Requirements": [
        "sys"
      ],
      "Hash": "cad6cf7f1d5f6e906700b9d3e718c796"
    },
    "base64enc": {
      "Package": "base64enc",
      "Version": "0.1-3",
      "Source": "Repository",
      "Repository": "CRAN",
      "Requirements": [
        "R"
      ],
      "Hash": "543776ae6848fde2f48ff3816d0628bc"
    },
    "boot": {
      "Package": "boot",
      "Version": "1.3-31",
      "Source": "Repository",
      "Repository": "CRAN",
      "Requirements": [
        "R",
        "graphics",
        "stats"
      ],
      "Hash": "de2a4646c18661d6a0a08ec67f40b7ed"
    },
    "brio": {
      "Package": "brio",
      "Version": "1.1.5",
      "Source": "Repository",
      "Repository": "CRAN",
      "Requirements": [
        "R"
      ],
      "Hash": "c1ee497a6d999947c2c224ae46799b1a"
    },
    "bslib": {
      "Package": "bslib",
      "Version": "0.8.0",
      "Source": "Repository",
      "Repository": "CRAN",
      "Requirements": [
        "R",
        "base64enc",
        "cachem",
        "fastmap",
        "grDevices",
        "htmltools",
        "jquerylib",
        "jsonlite",
        "lifecycle",
        "memoise",
        "mime",
        "rlang",
        "sass"
      ],
      "Hash": "b299c6741ca9746fb227debcb0f9fb6c"
    },
    "cachem": {
      "Package": "cachem",
      "Version": "1.1.0",
      "Source": "Repository",
      "Repository": "CRAN",
      "Requirements": [
        "fastmap",
        "rlang"
      ],
      "Hash": "cd9a672193789068eb5a2aad65a0dedf"
    },
    "callr": {
      "Package": "callr",
      "Version": "3.7.6",
      "Source": "Repository",
      "Repository": "CRAN",
      "Requirements": [
        "R",
        "R6",
        "processx",
        "utils"
      ],
      "Hash": "d7e13f49c19103ece9e58ad2d83a7354"
    },
    "cli": {
      "Package": "cli",
      "Version": "3.6.3",
      "Source": "Repository",
      "Repository": "CRAN",
      "Requirements": [
        "R",
        "utils"
      ],
      "Hash": "b21916dd77a27642b447374a5d30ecf3"
    },
    "clue": {
      "Package": "clue",
      "Version": "0.3-65",
      "Source": "Repository",
      "Repository": "CRAN",
      "Requirements": [
        "R",
        "cluster",
        "graphics",
        "methods",
        "stats"
      ],
      "Hash": "d6b53853800595408a776900bcc0c23f"
    },
    "cluster": {
      "Package": "cluster",
      "Version": "2.1.6",
      "Source": "Repository",
      "Repository": "CRAN",
      "Requirements": [
        "R",
        "grDevices",
        "graphics",
        "stats",
        "utils"
      ],
      "Hash": "0aaa05204035dc43ea0004b9c76611dd"
    },
    "codetools": {
      "Package": "codetools",
      "Version": "0.2-20",
      "Source": "Repository",
      "Repository": "CRAN",
      "Requirements": [
        "R"
      ],
      "Hash": "61e097f35917d342622f21cdc79c256e"
    },
    "colorspace": {
      "Package": "colorspace",
      "Version": "2.1-1",
      "Source": "Repository",
      "Repository": "CRAN",
      "Requirements": [
        "R",
        "grDevices",
        "graphics",
        "methods",
        "stats"
      ],
      "Hash": "d954cb1c57e8d8b756165d7ba18aa55a"
    },
    "cpp11": {
      "Package": "cpp11",
      "Version": "0.5.0",
      "Source": "Repository",
      "Repository": "CRAN",
      "Requirements": [
        "R"
      ],
      "Hash": "91570bba75d0c9d3f1040c835cee8fba"
    },
    "curl": {
      "Package": "curl",
      "Version": "5.2.2",
      "Source": "Repository",
      "Repository": "CRAN",
      "Requirements": [
        "R"
      ],
      "Hash": "8f27335f2bcff4d6035edcc82d7d46de"
    },
    "desc": {
      "Package": "desc",
      "Version": "1.4.3",
      "Source": "Repository",
      "Repository": "CRAN",
      "Requirements": [
        "R",
        "R6",
        "cli",
        "utils"
      ],
      "Hash": "99b79fcbd6c4d1ce087f5c5c758b384f"
    },
    "digest": {
      "Package": "digest",
      "Version": "0.6.37",
      "Source": "Repository",
      "Repository": "CRAN",
      "Requirements": [
        "R",
        "utils"
      ],
      "Hash": "33698c4b3127fc9f506654607fb73676"
    },
    "dirmult": {
      "Package": "dirmult",
      "Version": "0.1.3-5",
      "Source": "Repository",
      "Repository": "CRAN",
      "Requirements": [
        "R"
      ],
      "Hash": "641fe6277ddd500835ba5cf4ce24013f"
    },
    "downlit": {
      "Package": "downlit",
      "Version": "0.4.4",
      "Source": "Repository",
      "Repository": "CRAN",
      "Requirements": [
        "R",
        "brio",
        "desc",
        "digest",
        "evaluate",
        "fansi",
        "memoise",
        "rlang",
        "vctrs",
        "withr",
        "yaml"
      ],
      "Hash": "45a6a596bf0108ee1ff16a040a2df897"
    },
    "dplyr": {
      "Package": "dplyr",
      "Version": "1.1.4",
      "Source": "Repository",
      "Repository": "CRAN",
      "Requirements": [
        "R",
        "R6",
        "cli",
        "generics",
        "glue",
        "lifecycle",
        "magrittr",
        "methods",
        "pillar",
        "rlang",
        "tibble",
        "tidyselect",
        "utils",
        "vctrs"
      ],
      "Hash": "fedd9d00c2944ff00a0e2696ccf048ec"
    },
    "evaluate": {
      "Package": "evaluate",
      "Version": "0.24.0",
      "Source": "Repository",
      "Repository": "CRAN",
      "Requirements": [
        "R",
        "methods"
      ],
      "Hash": "a1066cbc05caee9a4bf6d90f194ff4da"
    },
    "fBasics": {
      "Package": "fBasics",
      "Version": "4041.97",
      "Source": "Repository",
      "Repository": "CRAN",
      "Requirements": [
        "MASS",
        "R",
        "grDevices",
        "graphics",
        "gss",
        "methods",
        "spatial",
        "stabledist",
        "stats",
        "timeDate",
        "timeSeries",
        "utils"
      ],
      "Hash": "19180703bbc8e6a07c775507d418505b"
    },
    "fansi": {
      "Package": "fansi",
      "Version": "1.0.6",
      "Source": "Repository",
      "Repository": "CRAN",
      "Requirements": [
        "R",
        "grDevices",
        "utils"
      ],
      "Hash": "962174cf2aeb5b9eea581522286a911f"
    },
    "farver": {
      "Package": "farver",
      "Version": "2.1.2",
      "Source": "Repository",
      "Repository": "CRAN",
      "Hash": "680887028577f3fa2a81e410ed0d6e42"
    },
    "fastmap": {
      "Package": "fastmap",
      "Version": "1.2.0",
      "Source": "Repository",
      "Repository": "CRAN",
      "Hash": "aa5e1cd11c2d15497494c5292d7ffcc8"
    },
    "fontawesome": {
      "Package": "fontawesome",
      "Version": "0.5.2",
      "Source": "Repository",
      "Repository": "CRAN",
      "Requirements": [
        "R",
        "htmltools",
        "rlang"
      ],
      "Hash": "c2efdd5f0bcd1ea861c2d4e2a883a67d"
    },
    "foreach": {
      "Package": "foreach",
      "Version": "1.5.2",
      "Source": "Repository",
      "Repository": "CRAN",
      "Requirements": [
        "R",
        "codetools",
        "iterators",
        "utils"
      ],
      "Hash": "618609b42c9406731ead03adf5379850"
    },
    "fs": {
      "Package": "fs",
      "Version": "1.6.4",
      "Source": "Repository",
      "Repository": "CRAN",
      "Requirements": [
        "R",
        "methods"
      ],
      "Hash": "15aeb8c27f5ea5161f9f6a641fafd93a"
    },
    "generics": {
      "Package": "generics",
      "Version": "0.1.3",
      "Source": "Repository",
      "Repository": "CRAN",
      "Requirements": [
        "R",
        "methods"
      ],
      "Hash": "15e9634c0fcd294799e9b2e929ed1b86"
    },
    "ggfun": {
      "Package": "ggfun",
      "Version": "0.1.6",
      "Source": "Repository",
      "Repository": "CRAN",
      "Requirements": [
        "R",
        "cli",
        "dplyr",
        "ggplot2",
        "grid",
        "rlang",
        "utils",
        "yulab.utils"
      ],
      "Hash": "c56e3463c7358ced17ce79a4cab0fb65"
    },
    "ggh4x": {
      "Package": "ggh4x",
      "Version": "0.2.8",
      "Source": "Repository",
      "Repository": "CRAN",
      "Requirements": [
        "cli",
        "ggplot2",
        "grid",
        "gtable",
        "lifecycle",
        "rlang",
        "scales",
        "stats",
        "vctrs"
      ],
      "Hash": "012d7705b4cdc7b5ee89895aeefc1d45"
    },
    "ggnewscale": {
      "Package": "ggnewscale",
      "Version": "0.5.0",
      "Source": "Repository",
      "Repository": "CRAN",
      "Requirements": [
        "ggplot2"
      ],
      "Hash": "0e4714a05e572eacd7c232fde675558e"
    },
    "ggplot2": {
      "Package": "ggplot2",
      "Version": "3.5.1",
      "Source": "Repository",
      "Repository": "CRAN",
      "Requirements": [
        "MASS",
        "R",
        "cli",
        "glue",
        "grDevices",
        "grid",
        "gtable",
        "isoband",
        "lifecycle",
        "mgcv",
        "rlang",
        "scales",
        "stats",
        "tibble",
        "vctrs",
        "withr"
      ],
      "Hash": "44c6a2f8202d5b7e878ea274b1092426"
    },
    "ggplotify": {
      "Package": "ggplotify",
      "Version": "0.1.2",
      "Source": "Repository",
      "Repository": "CRAN",
      "Requirements": [
        "R",
        "ggplot2",
        "grDevices",
        "graphics",
        "grid",
        "gridGraphics",
        "yulab.utils"
      ],
      "Hash": "1547863db3b472cf7181973acf649f1a"
    },
    "ggprism": {
      "Package": "ggprism",
      "Version": "1.0.5",
      "Source": "Repository",
      "Repository": "CRAN",
      "Requirements": [
        "R",
        "digest",
        "ggplot2",
        "glue",
        "grid",
        "gtable",
        "rlang",
        "scales",
        "stats",
        "tibble",
        "utils"
      ],
      "Hash": "6b1020c155c1048c18f39df11eb464e8"
    },
    "ggrepel": {
      "Package": "ggrepel",
      "Version": "0.9.6",
      "Source": "Repository",
      "Repository": "CRAN",
      "Requirements": [
        "R",
        "Rcpp",
        "ggplot2",
        "grid",
        "rlang",
        "scales",
        "withr"
      ],
      "Hash": "3d4156850acc1161f2f24bc61c9217c1"
    },
    "ggtree": {
      "Package": "ggtree",
      "Version": "3.12.0",
      "Source": "Bioconductor",
      "Repository": "Bioconductor 3.19",
      "Requirements": [
        "R",
        "ape",
        "aplot",
        "cli",
        "dplyr",
        "ggfun",
        "ggplot2",
        "grid",
        "magrittr",
        "methods",
        "purrr",
        "rlang",
        "scales",
        "stats",
        "tidyr",
        "tidytree",
        "treeio",
        "utils",
        "yulab.utils"
      ],
      "Hash": "6c4748308cbe296a022cba26e118075a"
    },
    "ggtreeExtra": {
      "Package": "ggtreeExtra",
      "Version": "1.14.0",
      "Source": "Bioconductor",
      "Repository": "Bioconductor 3.19",
      "Requirements": [
        "cli",
        "ggnewscale",
        "ggplot2",
        "ggtree",
        "magrittr",
        "rlang",
        "stats",
        "tidytree",
        "utils"
      ],
      "Hash": "e27ef8cba5b4f283aad88f5c485b53f3"
    },
    "glue": {
      "Package": "glue",
      "Version": "1.7.0",
      "Source": "Repository",
      "Repository": "CRAN",
      "Requirements": [
        "R",
        "methods"
      ],
      "Hash": "e0b3a53876554bd45879e596cdb10a52"
    },
    "gridGraphics": {
      "Package": "gridGraphics",
      "Version": "0.5-1",
      "Source": "Repository",
      "Repository": "CRAN",
      "Requirements": [
        "grDevices",
        "graphics",
        "grid"
      ],
      "Hash": "5b79228594f02385d4df4979284879ae"
    },
    "gss": {
      "Package": "gss",
      "Version": "2.2-7",
      "Source": "Repository",
      "Repository": "CRAN",
      "Requirements": [
        "R",
        "stats"
      ],
      "Hash": "09fad899b122f51686fdb017943e56fb"
    },
    "gtable": {
      "Package": "gtable",
      "Version": "0.3.5",
      "Source": "Repository",
      "Repository": "CRAN",
      "Requirements": [
        "R",
        "cli",
        "glue",
        "grid",
        "lifecycle",
        "rlang"
      ],
      "Hash": "e18861963cbc65a27736e02b3cd3c4a0"
    },
    "highr": {
      "Package": "highr",
      "Version": "0.11",
      "Source": "Repository",
      "Repository": "CRAN",
      "Requirements": [
        "R",
        "xfun"
      ],
      "Hash": "d65ba49117ca223614f71b60d85b8ab7"
    },
    "htmltools": {
      "Package": "htmltools",
      "Version": "0.5.8.1",
      "Source": "Repository",
      "Repository": "CRAN",
      "Requirements": [
        "R",
        "base64enc",
        "digest",
        "fastmap",
        "grDevices",
        "rlang",
        "utils"
      ],
      "Hash": "81d371a9cc60640e74e4ab6ac46dcedc"
    },
    "httr2": {
      "Package": "httr2",
      "Version": "1.0.4",
      "Source": "Repository",
      "Repository": "CRAN",
      "Requirements": [
        "R",
        "R6",
        "cli",
        "curl",
        "glue",
        "lifecycle",
        "magrittr",
        "openssl",
        "rappdirs",
        "rlang",
        "vctrs",
        "withr"
      ],
      "Hash": "836e9564fbeca3bb390bb429a53cd401"
    },
    "inline": {
      "Package": "inline",
      "Version": "0.3.19",
      "Source": "Repository",
      "Repository": "CRAN",
      "Requirements": [
        "methods"
      ],
      "Hash": "1deaf1de3eac7e1d3377954b3a283652"
    },
    "isoband": {
      "Package": "isoband",
      "Version": "0.2.7",
      "Source": "Repository",
      "Repository": "CRAN",
      "Requirements": [
        "grid",
        "utils"
      ],
      "Hash": "0080607b4a1a7b28979aecef976d8bc2"
    },
    "iterators": {
      "Package": "iterators",
      "Version": "1.0.14",
      "Source": "Repository",
      "Repository": "CRAN",
      "Requirements": [
        "R",
        "utils"
      ],
      "Hash": "8954069286b4b2b0d023d1b288dce978"
    },
    "jquerylib": {
      "Package": "jquerylib",
      "Version": "0.1.4",
      "Source": "Repository",
      "Repository": "CRAN",
      "Requirements": [
        "htmltools"
      ],
      "Hash": "5aab57a3bd297eee1c1d862735972182"
    },
    "jsonlite": {
      "Package": "jsonlite",
      "Version": "1.8.8",
      "Source": "Repository",
      "Repository": "CRAN",
      "Requirements": [
        "methods"
      ],
      "Hash": "e1b9c55281c5adc4dd113652d9e26768"
    },
    "knitr": {
      "Package": "knitr",
      "Version": "1.48",
      "Source": "Repository",
      "Repository": "CRAN",
      "Requirements": [
        "R",
        "evaluate",
        "highr",
        "methods",
        "tools",
        "xfun",
        "yaml"
      ],
      "Hash": "acf380f300c721da9fde7df115a5f86f"
    },
    "labeling": {
      "Package": "labeling",
      "Version": "0.4.3",
      "Source": "Repository",
      "Repository": "CRAN",
      "Requirements": [
        "graphics",
        "stats"
      ],
      "Hash": "b64ec208ac5bc1852b285f665d6368b3"
    },
    "lattice": {
      "Package": "lattice",
      "Version": "0.22-6",
      "Source": "Repository",
      "Repository": "CRAN",
      "Requirements": [
        "R",
        "grDevices",
        "graphics",
        "grid",
        "stats",
        "utils"
      ],
      "Hash": "cc5ac1ba4c238c7ca9fa6a87ca11a7e2"
    },
    "lazyeval": {
      "Package": "lazyeval",
      "Version": "0.2.2",
      "Source": "Repository",
      "Repository": "CRAN",
      "Requirements": [
        "R"
      ],
      "Hash": "d908914ae53b04d4c0c0fd72ecc35370"
    },
    "lifecycle": {
      "Package": "lifecycle",
      "Version": "1.0.4",
      "Source": "Repository",
      "Repository": "CRAN",
      "Requirements": [
        "R",
        "cli",
        "glue",
        "rlang"
      ],
      "Hash": "b8552d117e1b808b09a832f589b79035"
    },
    "lme4": {
      "Package": "lme4",
      "Version": "1.1-35.5",
      "Source": "Repository",
      "Repository": "CRAN",
      "Requirements": [
        "MASS",
        "Matrix",
        "R",
        "Rcpp",
        "RcppEigen",
        "boot",
        "graphics",
        "grid",
        "lattice",
        "methods",
        "minqa",
        "nlme",
        "nloptr",
        "parallel",
        "splines",
        "stats",
        "utils"
      ],
      "Hash": "16a08fc75007da0d08e0c0388c7c33e6"
    },
    "lmerTest": {
      "Package": "lmerTest",
      "Version": "3.1-3",
      "Source": "Repository",
      "Repository": "CRAN",
      "Requirements": [
        "MASS",
        "R",
        "ggplot2",
        "lme4",
        "methods",
        "numDeriv",
        "stats"
      ],
      "Hash": "f04948de84602afc23bfa9f5427e954d"
    },
    "magrittr": {
      "Package": "magrittr",
      "Version": "2.0.3",
      "Source": "Repository",
      "Repository": "CRAN",
      "Requirements": [
        "R"
      ],
      "Hash": "7ce2733a9826b3aeb1775d56fd305472"
    },
    "matrixStats": {
      "Package": "matrixStats",
      "Version": "1.4.1",
      "Source": "Repository",
      "Repository": "CRAN",
      "Requirements": [
        "R"
      ],
      "Hash": "8885ffb1f46e820dede6b2ca9442abca"
    },
    "memoise": {
      "Package": "memoise",
      "Version": "2.0.1",
      "Source": "Repository",
      "Repository": "CRAN",
      "Requirements": [
        "cachem",
        "rlang"
      ],
      "Hash": "e2817ccf4a065c5d9d7f2cfbe7c1d78c"
    },
    "mgcv": {
      "Package": "mgcv",
      "Version": "1.9-1",
      "Source": "Repository",
      "Repository": "CRAN",
      "Requirements": [
        "Matrix",
        "R",
        "graphics",
        "methods",
        "nlme",
        "splines",
        "stats",
        "utils"
      ],
      "Hash": "110ee9d83b496279960e162ac97764ce"
    },
    "mime": {
      "Package": "mime",
      "Version": "0.12",
      "Source": "Repository",
      "Repository": "CRAN",
      "Requirements": [
        "tools"
      ],
      "Hash": "18e9c28c1d3ca1560ce30658b22ce104"
    },
    "minqa": {
      "Package": "minqa",
      "Version": "1.2.8",
      "Source": "Repository",
      "Repository": "CRAN",
      "Requirements": [
        "Rcpp"
      ],
      "Hash": "785ef8e22389d4a7634c6c944f2dc07d"
    },
    "modeest": {
      "Package": "modeest",
      "Version": "2.4.0",
      "Source": "Repository",
      "Repository": "CRAN",
      "Requirements": [
        "R",
        "fBasics",
        "stable",
        "stabledist",
        "statip",
        "stats"
      ],
      "Hash": "af93fbfa4f5fceb8d36d736ebc4b0982"
    },
    "munsell": {
      "Package": "munsell",
      "Version": "0.5.1",
      "Source": "Repository",
      "Repository": "CRAN",
      "Requirements": [
        "colorspace",
        "methods"
      ],
      "Hash": "4fd8900853b746af55b81fda99da7695"
    },
    "nlme": {
      "Package": "nlme",
      "Version": "3.1-166",
      "Source": "Repository",
      "Repository": "CRAN",
      "Requirements": [
        "R",
        "graphics",
        "lattice",
        "stats",
        "utils"
      ],
      "Hash": "ccbb8846be320b627e6aa2b4616a2ded"
    },
    "nloptr": {
      "Package": "nloptr",
      "Version": "2.1.1",
      "Source": "Repository",
      "Repository": "CRAN",
      "Hash": "27550641889a3abf3aec4d91186311ec"
    },
    "numDeriv": {
      "Package": "numDeriv",
      "Version": "2016.8-1.1",
      "Source": "Repository",
      "Repository": "CRAN",
      "Requirements": [
        "R"
      ],
      "Hash": "df58958f293b166e4ab885ebcad90e02"
    },
    "openssl": {
      "Package": "openssl",
      "Version": "2.2.1",
      "Source": "Repository",
      "Repository": "CRAN",
      "Requirements": [
        "askpass"
      ],
      "Hash": "c62edf62de70cadf40553e10c739049d"
    },
    "pander": {
      "Package": "pander",
      "Version": "0.6.5",
      "Source": "Repository",
      "Repository": "CRAN",
      "Requirements": [
        "R",
        "Rcpp",
        "digest",
        "grDevices",
        "graphics",
        "methods",
        "stats",
        "tools",
        "utils"
      ],
      "Hash": "737924139a1e4fc96356ff377c754c35"
    },
    "patchwork": {
      "Package": "patchwork",
      "Version": "1.3.0",
      "Source": "Repository",
      "Repository": "CRAN",
      "Requirements": [
        "cli",
        "farver",
        "ggplot2",
        "grDevices",
        "graphics",
        "grid",
        "gtable",
        "rlang",
        "stats",
        "utils"
      ],
      "Hash": "e23fb9ecb1258207bcb763d78d513439"
    },
    "permute": {
      "Package": "permute",
      "Version": "0.9-7",
      "Source": "Repository",
      "Repository": "CRAN",
      "Requirements": [
        "R",
        "stats"
      ],
      "Hash": "abf0ca85c1c752e0d04f46334e635046"
    },
    "pheatmap": {
      "Package": "pheatmap",
      "Version": "1.0.12",
      "Source": "Repository",
      "Repository": "CRAN",
      "Requirements": [
        "R",
        "RColorBrewer",
        "grDevices",
        "graphics",
        "grid",
        "gtable",
        "scales",
        "stats"
      ],
      "Hash": "db1fb0021811b6693741325bbe916e58"
    },
    "pillar": {
      "Package": "pillar",
      "Version": "1.9.0",
      "Source": "Repository",
      "Repository": "CRAN",
      "Requirements": [
        "cli",
        "fansi",
        "glue",
        "lifecycle",
        "rlang",
        "utf8",
        "utils",
        "vctrs"
      ],
      "Hash": "15da5a8412f317beeee6175fbc76f4bb"
    },
    "pkgconfig": {
      "Package": "pkgconfig",
      "Version": "2.0.3",
      "Source": "Repository",
      "Repository": "CRAN",
      "Requirements": [
        "utils"
      ],
      "Hash": "01f28d4278f15c76cddbea05899c5d6f"
    },
    "pkgdown": {
      "Package": "pkgdown",
      "Version": "2.1.0",
      "Source": "Repository",
      "Repository": "CRAN",
      "Requirements": [
        "R",
        "bslib",
        "callr",
        "cli",
        "desc",
        "digest",
        "downlit",
        "fontawesome",
        "fs",
        "httr2",
        "jsonlite",
        "openssl",
        "purrr",
        "ragg",
        "rlang",
        "rmarkdown",
        "tibble",
        "whisker",
        "withr",
        "xml2",
        "yaml"
      ],
      "Hash": "0d3d789055c873f48521ce7e23c23f48"
    },
    "processx": {
      "Package": "processx",
      "Version": "3.8.4",
      "Source": "Repository",
      "Repository": "CRAN",
      "Requirements": [
        "R",
        "R6",
        "ps",
        "utils"
      ],
      "Hash": "0c90a7d71988856bad2a2a45dd871bb9"
    },
    "ps": {
      "Package": "ps",
      "Version": "1.8.0",
      "Source": "Repository",
      "Repository": "CRAN",
      "Requirements": [
        "R",
        "utils"
      ],
      "Hash": "4b9c8485b0c7eecdf0a9ba5132a45576"
    },
    "purrr": {
      "Package": "purrr",
      "Version": "1.0.2",
      "Source": "Repository",
      "Repository": "CRAN",
      "Requirements": [
        "R",
        "cli",
        "lifecycle",
        "magrittr",
        "rlang",
        "vctrs"
      ],
      "Hash": "1cba04a4e9414bdefc9dcaa99649a8dc"
    },
    "ragg": {
      "Package": "ragg",
      "Version": "1.3.3",
      "Source": "Repository",
      "Repository": "CRAN",
      "Requirements": [
        "systemfonts",
        "textshaping"
      ],
      "Hash": "0595fe5e47357111f29ad19101c7d271"
    },
    "rappdirs": {
      "Package": "rappdirs",
      "Version": "0.3.3",
      "Source": "Repository",
      "Repository": "CRAN",
      "Requirements": [
        "R"
      ],
      "Hash": "5e3c5dc0b071b21fa128676560dbe94d"
    },
    "renv": {
      "Package": "renv",
      "Version": "1.0.7",
      "Source": "Repository",
      "Repository": "CRAN",
      "Requirements": [
        "utils"
      ],
      "Hash": "397b7b2a265bc5a7a06852524dabae20"
    },
    "rlang": {
      "Package": "rlang",
      "Version": "1.1.4",
      "Source": "Repository",
      "Repository": "CRAN",
      "Requirements": [
        "R",
        "utils"
      ],
      "Hash": "3eec01f8b1dee337674b2e34ab1f9bc1"
    },
    "rmarkdown": {
      "Package": "rmarkdown",
      "Version": "2.28",
      "Source": "Repository",
      "Repository": "CRAN",
      "Requirements": [
        "R",
        "bslib",
        "evaluate",
        "fontawesome",
        "htmltools",
        "jquerylib",
        "jsonlite",
        "knitr",
        "methods",
        "tinytex",
        "tools",
        "utils",
        "xfun",
        "yaml"
      ],
      "Hash": "062470668513dcda416927085ee9bdc7"
    },
    "rmutil": {
      "Package": "rmutil",
      "Version": "1.1.10",
      "Source": "Repository",
      "Repository": "CRAN",
      "Requirements": [
        "R"
      ],
      "Hash": "79c22a87416140a5c2252be2f89938dd"
    },
    "rpart": {
      "Package": "rpart",
      "Version": "4.1.23",
      "Source": "Repository",
      "Repository": "CRAN",
      "Requirements": [
        "R",
        "grDevices",
        "graphics",
        "stats"
      ],
      "Hash": "b3d390424f41d04174cccf84d49676c2"
    },
    "sass": {
      "Package": "sass",
      "Version": "0.4.9",
      "Source": "Repository",
      "Repository": "CRAN",
      "Requirements": [
        "R6",
        "fs",
        "htmltools",
        "rappdirs",
        "rlang"
      ],
      "Hash": "d53dbfddf695303ea4ad66f86e99b95d"
    },
    "scales": {
      "Package": "scales",
      "Version": "1.3.0",
      "Source": "Repository",
      "Repository": "CRAN",
      "Requirements": [
        "R",
        "R6",
        "RColorBrewer",
        "cli",
        "farver",
        "glue",
        "labeling",
        "lifecycle",
        "munsell",
        "rlang",
        "viridisLite"
      ],
      "Hash": "c19df082ba346b0ffa6f833e92de34d1"
    },
    "spatial": {
      "Package": "spatial",
      "Version": "7.3-17",
      "Source": "Repository",
      "Repository": "CRAN",
      "Requirements": [
        "R",
        "graphics",
        "stats",
        "utils"
      ],
      "Hash": "1229a01b4ec059e9f2396724f2ec9010"
    },
    "stable": {
      "Package": "stable",
      "Version": "1.1.6",
      "Source": "Repository",
      "Repository": "CRAN",
      "Requirements": [
        "R",
        "rmutil"
      ],
      "Hash": "9348898e2aeea4a23610d8e098b232c2"
    },
    "stabledist": {
      "Package": "stabledist",
      "Version": "0.7-2",
      "Source": "Repository",
      "Repository": "CRAN",
      "Requirements": [
        "R",
        "stats"
      ],
      "Hash": "b399e5007fe512f314d74b41fa7e4a41"
    },
    "statip": {
      "Package": "statip",
      "Version": "0.2.3",
      "Source": "Repository",
      "Repository": "CRAN",
      "Requirements": [
        "R",
        "clue",
        "graphics",
        "rpart",
        "stats"
      ],
      "Hash": "e8f836ea3cd631116a3dc23e1a452538"
    },
    "statmod": {
      "Package": "statmod",
      "Version": "1.5.0",
      "Source": "Repository",
      "Repository": "CRAN",
      "Requirements": [
        "R",
        "graphics",
        "stats"
      ],
      "Hash": "26e158d12052c279bdd4ba858b80fb1f"
    },
    "stringi": {
      "Package": "stringi",
      "Version": "1.8.4",
      "Source": "Repository",
      "Repository": "CRAN",
      "Requirements": [
        "R",
        "stats",
        "tools",
        "utils"
      ],
      "Hash": "39e1144fd75428983dc3f63aa53dfa91"
    },
    "stringr": {
      "Package": "stringr",
      "Version": "1.5.1",
      "Source": "Repository",
      "Repository": "CRAN",
      "Requirements": [
        "R",
        "cli",
        "glue",
        "lifecycle",
        "magrittr",
        "rlang",
        "stringi",
        "vctrs"
      ],
      "Hash": "960e2ae9e09656611e0b8214ad543207"
    },
    "sys": {
      "Package": "sys",
      "Version": "3.4.2",
      "Source": "Repository",
      "Repository": "CRAN",
      "Hash": "3a1be13d68d47a8cd0bfd74739ca1555"
    },
    "systemfonts": {
      "Package": "systemfonts",
      "Version": "1.1.0",
      "Source": "Repository",
      "Repository": "CRAN",
      "Requirements": [
        "R",
        "cpp11",
        "lifecycle"
      ],
      "Hash": "213b6b8ed5afbf934843e6c3b090d418"
    },
    "textshaping": {
      "Package": "textshaping",
      "Version": "0.4.0",
      "Source": "Repository",
      "Repository": "CRAN",
      "Requirements": [
        "R",
        "cpp11",
        "lifecycle",
        "systemfonts"
      ],
      "Hash": "5142f8bc78ed3d819d26461b641627ce"
    },
    "tibble": {
      "Package": "tibble",
      "Version": "3.2.1",
      "Source": "Repository",
      "Repository": "CRAN",
      "Requirements": [
        "R",
        "fansi",
        "lifecycle",
        "magrittr",
        "methods",
        "pillar",
        "pkgconfig",
        "rlang",
        "utils",
        "vctrs"
      ],
      "Hash": "a84e2cc86d07289b3b6f5069df7a004c"
    },
    "tidyr": {
      "Package": "tidyr",
      "Version": "1.3.1",
      "Source": "Repository",
      "Repository": "CRAN",
      "Requirements": [
        "R",
        "cli",
        "cpp11",
        "dplyr",
        "glue",
        "lifecycle",
        "magrittr",
        "purrr",
        "rlang",
        "stringr",
        "tibble",
        "tidyselect",
        "utils",
        "vctrs"
      ],
      "Hash": "915fb7ce036c22a6a33b5a8adb712eb1"
    },
    "tidyselect": {
      "Package": "tidyselect",
      "Version": "1.2.1",
      "Source": "Repository",
      "Repository": "CRAN",
      "Requirements": [
        "R",
        "cli",
        "glue",
        "lifecycle",
        "rlang",
        "vctrs",
        "withr"
      ],
      "Hash": "829f27b9c4919c16b593794a6344d6c0"
    },
    "tidytree": {
      "Package": "tidytree",
      "Version": "0.4.6",
      "Source": "Repository",
      "Repository": "CRAN",
      "Requirements": [
        "R",
        "ape",
        "cli",
        "dplyr",
        "lazyeval",
        "magrittr",
        "methods",
        "pillar",
        "rlang",
        "tibble",
        "tidyr",
        "tidyselect",
        "yulab.utils"
      ],
      "Hash": "a700d295c0eff82fbce42eac067bb89d"
    },
    "timeDate": {
      "Package": "timeDate",
      "Version": "4032.109",
      "Source": "Repository",
      "Repository": "CRAN",
      "Requirements": [
        "R",
        "graphics",
        "methods",
        "stats",
        "utils"
      ],
      "Hash": "fa276a2ec2555d74b4eabf56fba3d209"
    },
    "timeSeries": {
      "Package": "timeSeries",
      "Version": "4032.109",
      "Source": "Repository",
      "Repository": "CRAN",
      "Requirements": [
        "R",
        "grDevices",
        "graphics",
        "methods",
        "stats",
        "timeDate",
        "utils"
      ],
      "Hash": "a6297c793d3c39d0f6bd94d8fcab2e46"
    },
    "tinytex": {
      "Package": "tinytex",
      "Version": "0.53",
      "Source": "Repository",
      "Repository": "CRAN",
      "Requirements": [
        "xfun"
      ],
      "Hash": "9db859e8aabbb474293dde3097839420"
    },
    "treeio": {
      "Package": "treeio",
      "Version": "1.28.0",
      "Source": "Bioconductor",
      "Repository": "Bioconductor 3.19",
      "Requirements": [
        "R",
        "ape",
        "dplyr",
        "jsonlite",
        "magrittr",
        "methods",
        "rlang",
        "stats",
        "tibble",
        "tidytree",
        "utils",
        "yulab.utils"
      ],
      "Hash": "9e0a0b700763836cd36cb3a49be5a15d"
    },
    "utf8": {
      "Package": "utf8",
      "Version": "1.2.4",
      "Source": "Repository",
      "Repository": "CRAN",
      "Requirements": [
        "R"
      ],
      "Hash": "62b65c52671e6665f803ff02954446e9"
    },
    "vctrs": {
      "Package": "vctrs",
      "Version": "0.6.5",
      "Source": "Repository",
      "Repository": "CRAN",
      "Requirements": [
        "R",
        "cli",
        "glue",
        "lifecycle",
        "rlang"
      ],
      "Hash": "c03fa420630029418f7e6da3667aac4a"
    },
    "vegan": {
      "Package": "vegan",
      "Version": "2.6-8",
      "Source": "Repository",
      "Repository": "CRAN",
      "Requirements": [
        "MASS",
        "R",
        "cluster",
        "lattice",
        "mgcv",
        "permute"
      ],
      "Hash": "1cf04791d6222288c30d3c7d887da1ea"
    },
    "viridisLite": {
      "Package": "viridisLite",
      "Version": "0.4.2",
      "Source": "Repository",
      "Repository": "CRAN",
      "Requirements": [
        "R"
      ],
      "Hash": "c826c7c4241b6fc89ff55aaea3fa7491"
    },
    "whisker": {
      "Package": "whisker",
      "Version": "0.4.1",
      "Source": "Repository",
      "Repository": "CRAN",
      "Hash": "c6abfa47a46d281a7d5159d0a8891e88"
    },
    "withr": {
      "Package": "withr",
      "Version": "3.0.1",
      "Source": "Repository",
      "Repository": "CRAN",
      "Requirements": [
        "R",
        "grDevices",
        "graphics"
      ],
      "Hash": "07909200e8bbe90426fbfeb73e1e27aa"
    },
    "xfun": {
      "Package": "xfun",
      "Version": "0.47",
      "Source": "Repository",
      "Repository": "CRAN",
      "Requirements": [
        "R",
        "grDevices",
        "stats",
        "tools"
      ],
      "Hash": "36ab21660e2d095fef0d83f689e0477c"
    },
    "xml2": {
      "Package": "xml2",
      "Version": "1.3.6",
      "Source": "Repository",
      "Repository": "CRAN",
      "Requirements": [
        "R",
        "cli",
        "methods",
        "rlang"
      ],
      "Hash": "1d0336142f4cd25d8d23cd3ba7a8fb61"
    },
    "yaml": {
      "Package": "yaml",
      "Version": "2.3.10",
      "Source": "Repository",
      "Repository": "CRAN",
      "Hash": "51dab85c6c98e50a18d7551e9d49f76c"
    },
    "yulab.utils": {
      "Package": "yulab.utils",
      "Version": "0.1.7",
      "Source": "Repository",
      "Repository": "CRAN",
      "Requirements": [
        "cli",
        "digest",
        "fs",
        "rlang",
        "tools",
        "utils"
      ],
      "Hash": "367554cd9602e69616660580c820b3bf"
    }
  }
}
